Microsoft Visual Studio Solution File, Format Version 12.00
# Visual Studio Version 17
VisualStudioVersion = 17.5.2.0
MinimumVisualStudioVersion = 10.0.40219.1
Project("{FAE04EC0-301F-11D3-BF4B-00C04F79EFBC}") = "PRN_Project_Coffee_Shop", "PRN_Project_Coffee_Shop.csproj", "{D4A5FC70-9F12-50F1-172D-D2D219432C3B}"
EndProject
Global
	GlobalSection(SolutionConfigurationPlatforms) = preSolution
		Debug|Any CPU = Debug|Any CPU
		Release|Any CPU = Release|Any CPU
	EndGlobalSection
	GlobalSection(ProjectConfigurationPlatforms) = postSolution
		{D4A5FC70-9F12-50F1-172D-D2D219432C3B}.Debug|Any CPU.ActiveCfg = Debug|Any CPU
		{D4A5FC70-9F12-50F1-172D-D2D219432C3B}.Debug|Any CPU.Build.0 = Debug|Any CPU
		{D4A5FC70-9F12-50F1-172D-D2D219432C3B}.Release|Any CPU.ActiveCfg = Release|Any CPU
		{D4A5FC70-9F12-50F1-172D-D2D219432C3B}.Release|Any CPU.Build.0 = Release|Any CPU
	EndGlobalSection
	GlobalSection(SolutionProperties) = preSolution
		HideSolutionNode = FALSE
	EndGlobalSection
	GlobalSection(ExtensibilityGlobals) = postSolution
		SolutionGuid = {21C2AC5B-D749-4C52-9384-F251DE8594F7}
	EndGlobalSection
EndGlobal
